
Microsoft Visual Studio Solution File, Format Version 12.00
# Visual Studio Version 17
VisualStudioVersion = 17.14.36518.9
MinimumVisualStudioVersion = 10.0.40219.1
Project("{2150E333-8FDC-42A3-9474-1A3956D46DE8}") = "Task0", "Task0", "{02EA681E-C7D8-13C7-8484-4AC65E1B71E8}"
EndProject
Project("{2150E333-8FDC-42A3-9474-1A3956D46DE8}") = "Task1", "Task1", "{95B48FF3-D0FA-4167-9DB7-C04AE7DAD307}"
EndProject
Project("{2150E333-8FDC-42A3-9474-1A3956D46DE8}") = "Task2", "Task2", "{C6DC697F-8CFE-4AA4-AE4B-DBE1041BCF87}"
EndProject
Project("{2150E333-8FDC-42A3-9474-1A3956D46DE8}") = "Task3", "Task3", "{275B45A6-7EE3-48ED-BB03-6A3E9E53BA2B}"
EndProject
Project("{2150E333-8FDC-42A3-9474-1A3956D46DE8}") = "Task4", "Task4", "{BE4B03EF-ECF7-4D4F-89A5-64594B203EA6}"
EndProject
Project("{2150E333-8FDC-42A3-9474-1A3956D46DE8}") = "Task5", "Task5", "{76D28DD2-4D4B-4E9B-B864-4FFD8C92279A}"
EndProject
Project("{2150E333-8FDC-42A3-9474-1A3956D46DE8}") = "Task6", "Task6", "{7EA0250A-59A4-4674-B845-58EF40F3E3BE}"
EndProject
Project("{2150E333-8FDC-42A3-9474-1A3956D46DE8}") = "Task7", "Task7", "{C4E91894-C432-4F4E-A24F-9C0275494F7B}"
EndProject
Project("{FAE04EC0-301F-11D3-BF4B-00C04F79EFBC}") = "Tyuiu.TikhomirovaKA.Sprint5.Task0.V24", "Tyuiu.TikhomirovaKA.Sprint5.Task0.V24\Tyuiu.TikhomirovaKA.Sprint5.Task0.V24.csproj", "{42CC57F5-647A-4FBB-84B6-231D90B3A56B}"
EndProject
Project("{FAE04EC0-301F-11D3-BF4B-00C04F79EFBC}") = "Tyuiu.TikhomirovaKA.Sprint5.Task0.V24.Test", "Tyuiu.TikhomirovaKA.Sprint5.Task0.V24.Test\Tyuiu.TikhomirovaKA.Sprint5.Task0.V24.Test.csproj", "{8A0C0734-6A22-4A17-B7B0-0584D108B382}"
EndProject
Project("{FAE04EC0-301F-11D3-BF4B-00C04F79EFBC}") = "Tyuiu.TikhomirovaKA.Sprint5.Task0.V24.Lib", "Tyuiu.TikhomirovaKA.Sprint5.Task0.V24.Lib\Tyuiu.TikhomirovaKA.Sprint5.Task0.V24.Lib.csproj", "{E347CE0A-BD61-450E-810F-62D04C0B09C8}"
EndProject
Project("{FAE04EC0-301F-11D3-BF4B-00C04F79EFBC}") = "Tyuiu.TikhomirovaKA.Sprint5.Task1.V16.Test", "Tyuiu.TikhomirovaKA.Sprint5.Task1.V16.Test\Tyuiu.TikhomirovaKA.Sprint5.Task1.V16.Test.csproj", "{AC5F701A-4EBF-4D68-B855-01176865288E}"
EndProject
Project("{FAE04EC0-301F-11D3-BF4B-00C04F79EFBC}") = "Tyuiu.TikhomirovaKA.Sprint5.Task1.V16", "Tyuiu.TikhomirovaKA.Sprint5.Task1.V16\Tyuiu.TikhomirovaKA.Sprint5.Task1.V16.csproj", "{DC20A168-5FD6-4E81-86A6-83417C7132D0}"
EndProject
Project("{FAE04EC0-301F-11D3-BF4B-00C04F79EFBC}") = "Tyuiu.TikhomirovaKA.Sprint5.Task1.V16.Lib", "Tyuiu.TikhomirovaKA.Sprint5.Task1.V16.Lib\Tyuiu.TikhomirovaKA.Sprint5.Task1.V16.Lib.csproj", "{66FD35A0-B43C-4996-867B-7671BABA4889}"
EndProject
Project("{FAE04EC0-301F-11D3-BF4B-00C04F79EFBC}") = "Tyuiu.TikhomirovaKA.Sprint5.Task2.V11", "Tyuiu.TikhomirovaKA.Sprint5.Task2.V11\Tyuiu.TikhomirovaKA.Sprint5.Task2.V11.csproj", "{28562EB3-4F7F-42B9-8ABA-6E593C0171E7}"
EndProject
Project("{FAE04EC0-301F-11D3-BF4B-00C04F79EFBC}") = "Tyuiu.TikhomirovaKA.Sprint5.Task2.V11.Lib", "Tyuiu.TikhomirovaKA.Sprint5.Task2.V11.Lib\Tyuiu.TikhomirovaKA.Sprint5.Task2.V11.Lib.csproj", "{A6C11599-EB07-469A-8551-5970A0674C22}"
EndProject
Project("{FAE04EC0-301F-11D3-BF4B-00C04F79EFBC}") = "Tyuiu.TikhomirovaKA.Sprint5.Task2.V11.Test", "Tyuiu.TikhomirovaKA.Sprint5.Task2.V11.Test\Tyuiu.TikhomirovaKA.Sprint5.Task2.V11.Test.csproj", "{CB0EAD10-84AE-42D0-8C88-1C56AEC3A79B}"
EndProject
Project("{FAE04EC0-301F-11D3-BF4B-00C04F79EFBC}") = "Tyuiu.TikhomirovaKA.Sprint5.Task3.V2", "Tyuiu.TikhomirovaKA.Sprint5.Task3.V2\Tyuiu.TikhomirovaKA.Sprint5.Task3.V2.csproj", "{760B60C1-71D7-4251-B171-1F5CC726D63E}"
EndProject
Project("{FAE04EC0-301F-11D3-BF4B-00C04F79EFBC}") = "Tyuiu.TikhomirovaKA.Sprint5.Task3.V2.Test", "Tyuiu.TikhomirovaKA.Sprint5.Task3.V2.Test\Tyuiu.TikhomirovaKA.Sprint5.Task3.V2.Test.csproj", "{19641B23-C42A-45E1-B7AE-25239DAF1B4E}"
EndProject
Project("{FAE04EC0-301F-11D3-BF4B-00C04F79EFBC}") = "Tyuiu.TikhomirovaKA.Sprint5.Task3.V2.Lib", "Tyuiu.TikhomirovaKA.Sprint5.Task3.V2.Lib\Tyuiu.TikhomirovaKA.Sprint5.Task3.V2.Lib.csproj", "{AE4D7ED3-9D1D-4C61-8209-6EF57C7267D5}"
EndProject
Project("{FAE04EC0-301F-11D3-BF4B-00C04F79EFBC}") = "Tyuiu.TikhomirovaKA.Sprint5.Task4.V6", "Tyuiu.TikhomirovaKA.Sprint5.Task4.V6\Tyuiu.TikhomirovaKA.Sprint5.Task4.V6.csproj", "{46672B79-2ECA-4438-9C07-6BB332703693}"
EndProject
Project("{FAE04EC0-301F-11D3-BF4B-00C04F79EFBC}") = "Tyuiu.TikhomirovaKA.Sprint5.Task4.V6.Test", "Tyuiu.TikhomirovaKA.Sprint5.Task4.V6.Test\Tyuiu.TikhomirovaKA.Sprint5.Task4.V6.Test.csproj", "{7B7AFDAF-E534-44C9-A1D0-5C5C0EF55520}"
EndProject
Project("{FAE04EC0-301F-11D3-BF4B-00C04F79EFBC}") = "Tyuiu.TikhomirovaKA.Sprint5.Task4.V6.Lib", "Tyuiu.TikhomirovaKA.Sprint5.Task4.V6.Lib\Tyuiu.TikhomirovaKA.Sprint5.Task4.V6.Lib.csproj", "{05A1FD53-51BF-409A-96FF-78B24B23EBA0}"
EndProject
Project("{FAE04EC0-301F-11D3-BF4B-00C04F79EFBC}") = "Tyuiu.TikhomirovaKA.Sprint5.Task5.V14", "Tyuiu.TikhomirovaKA.Sprint5.Task5.V14\Tyuiu.TikhomirovaKA.Sprint5.Task5.V14.csproj", "{43BFBF6E-5BF3-48A3-950C-C78578CFFEC0}"
EndProject
Project("{FAE04EC0-301F-11D3-BF4B-00C04F79EFBC}") = "Tyuiu.TikhomirovaKA.Sprint5.Task5.V14.Test", "Tyuiu.TikhomirovaKA.Sprint5.Task5.V14.Test\Tyuiu.TikhomirovaKA.Sprint5.Task5.V14.Test.csproj", "{C09D8F1A-3BE0-4513-9D39-0D98293A0CA9}"
EndProject
Project("{FAE04EC0-301F-11D3-BF4B-00C04F79EFBC}") = "Tyuiu.TikhomirovaKA.Sprint5.Task5.V14.Lib", "Tyuiu.TikhomirovaKA.Sprint5.Task5.V14.Lib\Tyuiu.TikhomirovaKA.Sprint5.Task5.V14.Lib.csproj", "{9035E6BA-B932-4269-B19B-D4626C970FAD}"
EndProject
Project("{FAE04EC0-301F-11D3-BF4B-00C04F79EFBC}") = "Tyuiu.TikhomirovaKA.Sprint5.Task6.V1", "Tyuiu.TikhomirovaKA.Sprint5.Task6.V1\Tyuiu.TikhomirovaKA.Sprint5.Task6.V1.csproj", "{D602E089-BEBF-4D4D-9749-14871B76FED7}"
EndProject
Project("{FAE04EC0-301F-11D3-BF4B-00C04F79EFBC}") = "Tyuiu.TikhomirovaKA.Sprint5.Task6.V1.Test", "Tyuiu.TikhomirovaKA.Sprint5.Task6.V1.Test\Tyuiu.TikhomirovaKA.Sprint5.Task6.V1.Test.csproj", "{CC658F7C-E2BD-4A11-9E98-E501747A8F7C}"
EndProject
Project("{FAE04EC0-301F-11D3-BF4B-00C04F79EFBC}") = "Tyuiu.TikhomirovaKA.Sprint5.Task6.V1.Lib", "Tyuiu.TikhomirovaKA.Sprint5.Task6.V1.Lib\Tyuiu.TikhomirovaKA.Sprint5.Task6.V1.Lib.csproj", "{9DC89899-7EA3-48E6-93AE-79E4CFD6774B}"
EndProject
Project("{FAE04EC0-301F-11D3-BF4B-00C04F79EFBC}") = "Tyuiu.TikhomirovaKA.Sprint5.Task7.V13", "Tyuiu.TikhomirovaKA.Sprint5.Task7.V13\Tyuiu.TikhomirovaKA.Sprint5.Task7.V13.csproj", "{EB4D1203-E601-4569-98BB-22B4BA02CB3F}"
EndProject
Project("{FAE04EC0-301F-11D3-BF4B-00C04F79EFBC}") = "Tyuiu.TikhomirovaKA.Sprint5.Task7.V13.Lib", "Tyuiu.TikhomirovaKA.Sprint5.Task7.V13.Lib\Tyuiu.TikhomirovaKA.Sprint5.Task7.V13.Lib.csproj", "{58CB5948-26A0-4339-9493-57877C7253B4}"
EndProject
Project("{FAE04EC0-301F-11D3-BF4B-00C04F79EFBC}") = "Tyuiu.TikhomirovaKA.Sprint5.Task7.V13.Test", "Tyuiu.TikhomirovaKA.Sprint5.Task7.V13.Test\Tyuiu.TikhomirovaKA.Sprint5.Task7.V13.Test.csproj", "{3E9484A6-D728-4A56-BE4B-9A069424457A}"
EndProject
Global
	GlobalSection(SolutionConfigurationPlatforms) = preSolution
		Debug|Any CPU = Debug|Any CPU
		Release|Any CPU = Release|Any CPU
	EndGlobalSection
	GlobalSection(ProjectConfigurationPlatforms) = postSolution
		{42CC57F5-647A-4FBB-84B6-231D90B3A56B}.Debug|Any CPU.ActiveCfg = Debug|Any CPU
		{42CC57F5-647A-4FBB-84B6-231D90B3A56B}.Debug|Any CPU.Build.0 = Debug|Any CPU
		{42CC57F5-647A-4FBB-84B6-231D90B3A56B}.Release|Any CPU.ActiveCfg = Release|Any CPU
		{42CC57F5-647A-4FBB-84B6-231D90B3A56B}.Release|Any CPU.Build.0 = Release|Any CPU
		{8A0C0734-6A22-4A17-B7B0-0584D108B382}.Debug|Any CPU.ActiveCfg = Debug|Any CPU
		{8A0C0734-6A22-4A17-B7B0-0584D108B382}.Debug|Any CPU.Build.0 = Debug|Any CPU
		{8A0C0734-6A22-4A17-B7B0-0584D108B382}.Release|Any CPU.ActiveCfg = Release|Any CPU
		{8A0C0734-6A22-4A17-B7B0-0584D108B382}.Release|Any CPU.Build.0 = Release|Any CPU
		{E347CE0A-BD61-450E-810F-62D04C0B09C8}.Debug|Any CPU.ActiveCfg = Debug|Any CPU
		{E347CE0A-BD61-450E-810F-62D04C0B09C8}.Debug|Any CPU.Build.0 = Debug|Any CPU
		{E347CE0A-BD61-450E-810F-62D04C0B09C8}.Release|Any CPU.ActiveCfg = Release|Any CPU
		{E347CE0A-BD61-450E-810F-62D04C0B09C8}.Release|Any CPU.Build.0 = Release|Any CPU
		{AC5F701A-4EBF-4D68-B855-01176865288E}.Debug|Any CPU.ActiveCfg = Debug|Any CPU
		{AC5F701A-4EBF-4D68-B855-01176865288E}.Debug|Any CPU.Build.0 = Debug|Any CPU
		{AC5F701A-4EBF-4D68-B855-01176865288E}.Release|Any CPU.ActiveCfg = Release|Any CPU
		{AC5F701A-4EBF-4D68-B855-01176865288E}.Release|Any CPU.Build.0 = Release|Any CPU
		{DC20A168-5FD6-4E81-86A6-83417C7132D0}.Debug|Any CPU.ActiveCfg = Debug|Any CPU
		{DC20A168-5FD6-4E81-86A6-83417C7132D0}.Debug|Any CPU.Build.0 = Debug|Any CPU
		{DC20A168-5FD6-4E81-86A6-83417C7132D0}.Release|Any CPU.ActiveCfg = Release|Any CPU
		{DC20A168-5FD6-4E81-86A6-83417C7132D0}.Release|Any CPU.Build.0 = Release|Any CPU
		{66FD35A0-B43C-4996-867B-7671BABA4889}.Debug|Any CPU.ActiveCfg = Debug|Any CPU
		{66FD35A0-B43C-4996-867B-7671BABA4889}.Debug|Any CPU.Build.0 = Debug|Any CPU
		{66FD35A0-B43C-4996-867B-7671BABA4889}.Release|Any CPU.ActiveCfg = Release|Any CPU
		{66FD35A0-B43C-4996-867B-7671BABA4889}.Release|Any CPU.Build.0 = Release|Any CPU
		{28562EB3-4F7F-42B9-8ABA-6E593C0171E7}.Debug|Any CPU.ActiveCfg = Debug|Any CPU
		{28562EB3-4F7F-42B9-8ABA-6E593C0171E7}.Debug|Any CPU.Build.0 = Debug|Any CPU
		{28562EB3-4F7F-42B9-8ABA-6E593C0171E7}.Release|Any CPU.ActiveCfg = Release|Any CPU
		{28562EB3-4F7F-42B9-8ABA-6E593C0171E7}.Release|Any CPU.Build.0 = Release|Any CPU
		{A6C11599-EB07-469A-8551-5970A0674C22}.Debug|Any CPU.ActiveCfg = Debug|Any CPU
		{A6C11599-EB07-469A-8551-5970A0674C22}.Debug|Any CPU.Build.0 = Debug|Any CPU
		{A6C11599-EB07-469A-8551-5970A0674C22}.Release|Any CPU.ActiveCfg = Release|Any CPU
		{A6C11599-EB07-469A-8551-5970A0674C22}.Release|Any CPU.Build.0 = Release|Any CPU
		{CB0EAD10-84AE-42D0-8C88-1C56AEC3A79B}.Debug|Any CPU.ActiveCfg = Debug|Any CPU
		{CB0EAD10-84AE-42D0-8C88-1C56AEC3A79B}.Debug|Any CPU.Build.0 = Debug|Any CPU
		{CB0EAD10-84AE-42D0-8C88-1C56AEC3A79B}.Release|Any CPU.ActiveCfg = Release|Any CPU
		{CB0EAD10-84AE-42D0-8C88-1C56AEC3A79B}.Release|Any CPU.Build.0 = Release|Any CPU
		{760B60C1-71D7-4251-B171-1F5CC726D63E}.Debug|Any CPU.ActiveCfg = Debug|Any CPU
		{760B60C1-71D7-4251-B171-1F5CC726D63E}.Debug|Any CPU.Build.0 = Debug|Any CPU
		{760B60C1-71D7-4251-B171-1F5CC726D63E}.Release|Any CPU.ActiveCfg = Release|Any CPU
		{760B60C1-71D7-4251-B171-1F5CC726D63E}.Release|Any CPU.Build.0 = Release|Any CPU
		{19641B23-C42A-45E1-B7AE-25239DAF1B4E}.Debug|Any CPU.ActiveCfg = Debug|Any CPU
		{19641B23-C42A-45E1-B7AE-25239DAF1B4E}.Debug|Any CPU.Build.0 = Debug|Any CPU
		{19641B23-C42A-45E1-B7AE-25239DAF1B4E}.Release|Any CPU.ActiveCfg = Release|Any CPU
		{19641B23-C42A-45E1-B7AE-25239DAF1B4E}.Release|Any CPU.Build.0 = Release|Any CPU
		{AE4D7ED3-9D1D-4C61-8209-6EF57C7267D5}.Debug|Any CPU.ActiveCfg = Debug|Any CPU
		{AE4D7ED3-9D1D-4C61-8209-6EF57C7267D5}.Debug|Any CPU.Build.0 = Debug|Any CPU
		{AE4D7ED3-9D1D-4C61-8209-6EF57C7267D5}.Release|Any CPU.ActiveCfg = Release|Any CPU
		{AE4D7ED3-9D1D-4C61-8209-6EF57C7267D5}.Release|Any CPU.Build.0 = Release|Any CPU
		{46672B79-2ECA-4438-9C07-6BB332703693}.Debug|Any CPU.ActiveCfg = Debug|Any CPU
		{46672B79-2ECA-4438-9C07-6BB332703693}.Debug|Any CPU.Build.0 = Debug|Any CPU
		{46672B79-2ECA-4438-9C07-6BB332703693}.Release|Any CPU.ActiveCfg = Release|Any CPU
		{46672B79-2ECA-4438-9C07-6BB332703693}.Release|Any CPU.Build.0 = Release|Any CPU
		{7B7AFDAF-E534-44C9-A1D0-5C5C0EF55520}.Debug|Any CPU.ActiveCfg = Debug|Any CPU
		{7B7AFDAF-E534-44C9-A1D0-5C5C0EF55520}.Debug|Any CPU.Build.0 = Debug|Any CPU
		{7B7AFDAF-E534-44C9-A1D0-5C5C0EF55520}.Release|Any CPU.ActiveCfg = Release|Any CPU
		{7B7AFDAF-E534-44C9-A1D0-5C5C0EF55520}.Release|Any CPU.Build.0 = Release|Any CPU
		{05A1FD53-51BF-409A-96FF-78B24B23EBA0}.Debug|Any CPU.ActiveCfg = Debug|Any CPU
		{05A1FD53-51BF-409A-96FF-78B24B23EBA0}.Debug|Any CPU.Build.0 = Debug|Any CPU
		{05A1FD53-51BF-409A-96FF-78B24B23EBA0}.Release|Any CPU.ActiveCfg = Release|Any CPU
		{05A1FD53-51BF-409A-96FF-78B24B23EBA0}.Release|Any CPU.Build.0 = Release|Any CPU
		{43BFBF6E-5BF3-48A3-950C-C78578CFFEC0}.Debug|Any CPU.ActiveCfg = Debug|Any CPU
		{43BFBF6E-5BF3-48A3-950C-C78578CFFEC0}.Debug|Any CPU.Build.0 = Debug|Any CPU
		{43BFBF6E-5BF3-48A3-950C-C78578CFFEC0}.Release|Any CPU.ActiveCfg = Release|Any CPU
		{43BFBF6E-5BF3-48A3-950C-C78578CFFEC0}.Release|Any CPU.Build.0 = Release|Any CPU
		{C09D8F1A-3BE0-4513-9D39-0D98293A0CA9}.Debug|Any CPU.ActiveCfg = Debug|Any CPU
		{C09D8F1A-3BE0-4513-9D39-0D98293A0CA9}.Debug|Any CPU.Build.0 = Debug|Any CPU
		{C09D8F1A-3BE0-4513-9D39-0D98293A0CA9}.Release|Any CPU.ActiveCfg = Release|Any CPU
		{C09D8F1A-3BE0-4513-9D39-0D98293A0CA9}.Release|Any CPU.Build.0 = Release|Any CPU
		{9035E6BA-B932-4269-B19B-D4626C970FAD}.Debug|Any CPU.ActiveCfg = Debug|Any CPU
		{9035E6BA-B932-4269-B19B-D4626C970FAD}.Debug|Any CPU.Build.0 = Debug|Any CPU
		{9035E6BA-B932-4269-B19B-D4626C970FAD}.Release|Any CPU.ActiveCfg = Release|Any CPU
		{9035E6BA-B932-4269-B19B-D4626C970FAD}.Release|Any CPU.Build.0 = Release|Any CPU
		{D602E089-BEBF-4D4D-9749-14871B76FED7}.Debug|Any CPU.ActiveCfg = Debug|Any CPU
		{D602E089-BEBF-4D4D-9749-14871B76FED7}.Debug|Any CPU.Build.0 = Debug|Any CPU
		{D602E089-BEBF-4D4D-9749-14871B76FED7}.Release|Any CPU.ActiveCfg = Release|Any CPU
		{D602E089-BEBF-4D4D-9749-14871B76FED7}.Release|Any CPU.Build.0 = Release|Any CPU
		{CC658F7C-E2BD-4A11-9E98-E501747A8F7C}.Debug|Any CPU.ActiveCfg = Debug|Any CPU
		{CC658F7C-E2BD-4A11-9E98-E501747A8F7C}.Debug|Any CPU.Build.0 = Debug|Any CPU
		{CC658F7C-E2BD-4A11-9E98-E501747A8F7C}.Release|Any CPU.ActiveCfg = Release|Any CPU
		{CC658F7C-E2BD-4A11-9E98-E501747A8F7C}.Release|Any CPU.Build.0 = Release|Any CPU
		{9DC89899-7EA3-48E6-93AE-79E4CFD6774B}.Debug|Any CPU.ActiveCfg = Debug|Any CPU
		{9DC89899-7EA3-48E6-93AE-79E4CFD6774B}.Debug|Any CPU.Build.0 = Debug|Any CPU
		{9DC89899-7EA3-48E6-93AE-79E4CFD6774B}.Release|Any CPU.ActiveCfg = Release|Any CPU
		{9DC89899-7EA3-48E6-93AE-79E4CFD6774B}.Release|Any CPU.Build.0 = Release|Any CPU
		{EB4D1203-E601-4569-98BB-22B4BA02CB3F}.Debug|Any CPU.ActiveCfg = Debug|Any CPU
		{EB4D1203-E601-4569-98BB-22B4BA02CB3F}.Debug|Any CPU.Build.0 = Debug|Any CPU
		{EB4D1203-E601-4569-98BB-22B4BA02CB3F}.Release|Any CPU.ActiveCfg = Release|Any CPU
		{EB4D1203-E601-4569-98BB-22B4BA02CB3F}.Release|Any CPU.Build.0 = Release|Any CPU
		{58CB5948-26A0-4339-9493-57877C7253B4}.Debug|Any CPU.ActiveCfg = Debug|Any CPU
		{58CB5948-26A0-4339-9493-57877C7253B4}.Debug|Any CPU.Build.0 = Debug|Any CPU
		{58CB5948-26A0-4339-9493-57877C7253B4}.Release|Any CPU.ActiveCfg = Release|Any CPU
		{58CB5948-26A0-4339-9493-57877C7253B4}.Release|Any CPU.Build.0 = Release|Any CPU
		{3E9484A6-D728-4A56-BE4B-9A069424457A}.Debug|Any CPU.ActiveCfg = Debug|Any CPU
		{3E9484A6-D728-4A56-BE4B-9A069424457A}.Debug|Any CPU.Build.0 = Debug|Any CPU
		{3E9484A6-D728-4A56-BE4B-9A069424457A}.Release|Any CPU.ActiveCfg = Release|Any CPU
		{3E9484A6-D728-4A56-BE4B-9A069424457A}.Release|Any CPU.Build.0 = Release|Any CPU
	EndGlobalSection
	GlobalSection(SolutionProperties) = preSolution
		HideSolutionNode = FALSE
	EndGlobalSection
	GlobalSection(NestedProjects) = preSolution
		{42CC57F5-647A-4FBB-84B6-231D90B3A56B} = {02EA681E-C7D8-13C7-8484-4AC65E1B71E8}
		{8A0C0734-6A22-4A17-B7B0-0584D108B382} = {02EA681E-C7D8-13C7-8484-4AC65E1B71E8}
		{E347CE0A-BD61-450E-810F-62D04C0B09C8} = {02EA681E-C7D8-13C7-8484-4AC65E1B71E8}
		{AC5F701A-4EBF-4D68-B855-01176865288E} = {95B48FF3-D0FA-4167-9DB7-C04AE7DAD307}
		{DC20A168-5FD6-4E81-86A6-83417C7132D0} = {95B48FF3-D0FA-4167-9DB7-C04AE7DAD307}
		{66FD35A0-B43C-4996-867B-7671BABA4889} = {95B48FF3-D0FA-4167-9DB7-C04AE7DAD307}
		{28562EB3-4F7F-42B9-8ABA-6E593C0171E7} = {C6DC697F-8CFE-4AA4-AE4B-DBE1041BCF87}
		{A6C11599-EB07-469A-8551-5970A0674C22} = {C6DC697F-8CFE-4AA4-AE4B-DBE1041BCF87}
		{CB0EAD10-84AE-42D0-8C88-1C56AEC3A79B} = {C6DC697F-8CFE-4AA4-AE4B-DBE1041BCF87}
		{760B60C1-71D7-4251-B171-1F5CC726D63E} = {275B45A6-7EE3-48ED-BB03-6A3E9E53BA2B}
		{19641B23-C42A-45E1-B7AE-25239DAF1B4E} = {275B45A6-7EE3-48ED-BB03-6A3E9E53BA2B}
		{AE4D7ED3-9D1D-4C61-8209-6EF57C7267D5} = {275B45A6-7EE3-48ED-BB03-6A3E9E53BA2B}
		{46672B79-2ECA-4438-9C07-6BB332703693} = {BE4B03EF-ECF7-4D4F-89A5-64594B203EA6}
		{7B7AFDAF-E534-44C9-A1D0-5C5C0EF55520} = {BE4B03EF-ECF7-4D4F-89A5-64594B203EA6}
		{05A1FD53-51BF-409A-96FF-78B24B23EBA0} = {BE4B03EF-ECF7-4D4F-89A5-64594B203EA6}
		{43BFBF6E-5BF3-48A3-950C-C78578CFFEC0} = {76D28DD2-4D4B-4E9B-B864-4FFD8C92279A}
		{C09D8F1A-3BE0-4513-9D39-0D98293A0CA9} = {76D28DD2-4D4B-4E9B-B864-4FFD8C92279A}
		{9035E6BA-B932-4269-B19B-D4626C970FAD} = {76D28DD2-4D4B-4E9B-B864-4FFD8C92279A}
		{D602E089-BEBF-4D4D-9749-14871B76FED7} = {7EA0250A-59A4-4674-B845-58EF40F3E3BE}
		{CC658F7C-E2BD-4A11-9E98-E501747A8F7C} = {7EA0250A-59A4-4674-B845-58EF40F3E3BE}
		{9DC89899-7EA3-48E6-93AE-79E4CFD6774B} = {7EA0250A-59A4-4674-B845-58EF40F3E3BE}
		{EB4D1203-E601-4569-98BB-22B4BA02CB3F} = {C4E91894-C432-4F4E-A24F-9C0275494F7B}
		{58CB5948-26A0-4339-9493-57877C7253B4} = {C4E91894-C432-4F4E-A24F-9C0275494F7B}
		{3E9484A6-D728-4A56-BE4B-9A069424457A} = {C4E91894-C432-4F4E-A24F-9C0275494F7B}
	EndGlobalSection
	GlobalSection(ExtensibilityGlobals) = postSolution
		SolutionGuid = {C8C6637D-6F70-4C80-8860-56CFE140CEAD}
	EndGlobalSection
EndGlobal
